// !$*UTF8*$!
{
	archiveVersion = 1;
	classes = {
	};
	objectVersion = 50;
	objects = {

/* Begin PBXBuildFile section */
		2291EE292076B62F00C983CC /* UIColor+Extensions.swift in Sources */ = {isa = PBXBuildFile; fileRef = 2291EE282076B62F00C983CC /* UIColor+Extensions.swift */; };
		22DD357E2076A738004ED9FC /* AppDelegate.swift in Sources */ = {isa = PBXBuildFile; fileRef = 22DD357D2076A738004ED9FC /* AppDelegate.swift */; };
		22DD35802076A738004ED9FC /* LoginViewController.swift in Sources */ = {isa = PBXBuildFile; fileRef = 22DD357F2076A738004ED9FC /* LoginViewController.swift */; };
		22DD35832076A738004ED9FC /* Main.storyboard in Resources */ = {isa = PBXBuildFile; fileRef = 22DD35812076A738004ED9FC /* Main.storyboard */; };
		22DD35852076A739004ED9FC /* Assets.xcassets in Resources */ = {isa = PBXBuildFile; fileRef = 22DD35842076A739004ED9FC /* Assets.xcassets */; };
		22DD35882076A739004ED9FC /* LaunchScreen.storyboard in Resources */ = {isa = PBXBuildFile; fileRef = 22DD35862076A739004ED9FC /* LaunchScreen.storyboard */; };
		82D44B2CFBB098B506A4D385 /* Pods_Sandpiper.framework in Frameworks */ = {isa = PBXBuildFile; fileRef = F4FC336EC50B737C619DC485 /* Pods_Sandpiper.framework */; };
		C44C7840207E9ED700503566 /* NetworkController.swift in Sources */ = {isa = PBXBuildFile; fileRef = C44C783F207E9ED700503566 /* NetworkController.swift */; };
		C44C7843207E9EEF00503566 /* AppleMusicController.swift in Sources */ = {isa = PBXBuildFile; fileRef = C44C7842207E9EEF00503566 /* AppleMusicController.swift */; };
		C44C7845207E9F9000503566 /* Constants.swift in Sources */ = {isa = PBXBuildFile; fileRef = C44C7844207E9F9000503566 /* Constants.swift */; };
		C44C7847207EA05900503566 /* UIViewController+Extensions.swift in Sources */ = {isa = PBXBuildFile; fileRef = C44C7846207EA05900503566 /* UIViewController+Extensions.swift */; };
		C44C7849207EA99400503566 /* APIEndpoints.swift in Sources */ = {isa = PBXBuildFile; fileRef = C44C7848207EA99400503566 /* APIEndpoints.swift */; };
		C44C784B207EC49400503566 /* MainViewController.swift in Sources */ = {isa = PBXBuildFile; fileRef = C44C784A207EC49400503566 /* MainViewController.swift */; };
		C44C784D207ED4D300503566 /* KeychainManager.swift in Sources */ = {isa = PBXBuildFile; fileRef = C44C784C207ED4D300503566 /* KeychainManager.swift */; };
/* End PBXBuildFile section */

/* Begin PBXFileReference section */
		2291EE282076B62F00C983CC /* UIColor+Extensions.swift */ = {isa = PBXFileReference; lastKnownFileType = sourcecode.swift; path = "UIColor+Extensions.swift"; sourceTree = "<group>"; };
		22DD357A2076A738004ED9FC /* Sandpiper.app */ = {isa = PBXFileReference; explicitFileType = wrapper.application; includeInIndex = 0; path = Sandpiper.app; sourceTree = BUILT_PRODUCTS_DIR; };
		22DD357D2076A738004ED9FC /* AppDelegate.swift */ = {isa = PBXFileReference; lastKnownFileType = sourcecode.swift; path = AppDelegate.swift; sourceTree = "<group>"; };
		22DD357F2076A738004ED9FC /* LoginViewController.swift */ = {isa = PBXFileReference; lastKnownFileType = sourcecode.swift; path = LoginViewController.swift; sourceTree = "<group>"; };
		22DD35822076A738004ED9FC /* Base */ = {isa = PBXFileReference; lastKnownFileType = file.storyboard; name = Base; path = Base.lproj/Main.storyboard; sourceTree = "<group>"; };
		22DD35842076A739004ED9FC /* Assets.xcassets */ = {isa = PBXFileReference; lastKnownFileType = folder.assetcatalog; path = Assets.xcassets; sourceTree = "<group>"; };
		22DD35872076A739004ED9FC /* Base */ = {isa = PBXFileReference; lastKnownFileType = file.storyboard; name = Base; path = Base.lproj/LaunchScreen.storyboard; sourceTree = "<group>"; };
		22DD35892076A739004ED9FC /* Info.plist */ = {isa = PBXFileReference; lastKnownFileType = text.plist.xml; path = Info.plist; sourceTree = "<group>"; };
		A4DDB83464E04F0199E1AABC /* Pods-Sandpiper.release.xcconfig */ = {isa = PBXFileReference; includeInIndex = 1; lastKnownFileType = text.xcconfig; name = "Pods-Sandpiper.release.xcconfig"; path = "Pods/Target Support Files/Pods-Sandpiper/Pods-Sandpiper.release.xcconfig"; sourceTree = "<group>"; };
		B3607192B9F8B05298909EB5 /* Pods-Sandpiper.debug.xcconfig */ = {isa = PBXFileReference; includeInIndex = 1; lastKnownFileType = text.xcconfig; name = "Pods-Sandpiper.debug.xcconfig"; path = "Pods/Target Support Files/Pods-Sandpiper/Pods-Sandpiper.debug.xcconfig"; sourceTree = "<group>"; };
		C44C783F207E9ED700503566 /* NetworkController.swift */ = {isa = PBXFileReference; lastKnownFileType = sourcecode.swift; path = NetworkController.swift; sourceTree = "<group>"; };
		C44C7842207E9EEF00503566 /* AppleMusicController.swift */ = {isa = PBXFileReference; lastKnownFileType = sourcecode.swift; path = AppleMusicController.swift; sourceTree = "<group>"; };
		C44C7844207E9F9000503566 /* Constants.swift */ = {isa = PBXFileReference; lastKnownFileType = sourcecode.swift; path = Constants.swift; sourceTree = "<group>"; };
		C44C7846207EA05900503566 /* UIViewController+Extensions.swift */ = {isa = PBXFileReference; lastKnownFileType = sourcecode.swift; path = "UIViewController+Extensions.swift"; sourceTree = "<group>"; };
		C44C7848207EA99400503566 /* APIEndpoints.swift */ = {isa = PBXFileReference; lastKnownFileType = sourcecode.swift; path = APIEndpoints.swift; sourceTree = "<group>"; };
		C44C784A207EC49400503566 /* MainViewController.swift */ = {isa = PBXFileReference; lastKnownFileType = sourcecode.swift; path = MainViewController.swift; sourceTree = "<group>"; };
		C44C784C207ED4D300503566 /* KeychainManager.swift */ = {isa = PBXFileReference; lastKnownFileType = sourcecode.swift; path = KeychainManager.swift; sourceTree = "<group>"; };
		F4FC336EC50B737C619DC485 /* Pods_Sandpiper.framework */ = {isa = PBXFileReference; explicitFileType = wrapper.framework; includeInIndex = 0; path = Pods_Sandpiper.framework; sourceTree = BUILT_PRODUCTS_DIR; };
/* End PBXFileReference section */

/* Begin PBXFrameworksBuildPhase section */
		22DD35772076A738004ED9FC /* Frameworks */ = {
			isa = PBXFrameworksBuildPhase;
			buildActionMask = 2147483647;
			files = (
				82D44B2CFBB098B506A4D385 /* Pods_Sandpiper.framework in Frameworks */,
			);
			runOnlyForDeploymentPostprocessing = 0;
		};
/* End PBXFrameworksBuildPhase section */

/* Begin PBXGroup section */
		2291EE272076B61900C983CC /* Utils */ = {
			isa = PBXGroup;
			children = (
				2291EE282076B62F00C983CC /* UIColor+Extensions.swift */,
				C44C7846207EA05900503566 /* UIViewController+Extensions.swift */,
			);
			path = Utils;
			sourceTree = "<group>";
		};
		22DD35712076A738004ED9FC = {
			isa = PBXGroup;
			children = (
				22DD357C2076A738004ED9FC /* Sandpiper */,
				22DD357B2076A738004ED9FC /* Products */,
				41458A8179E6314929E713CA /* Pods */,
				B9D760F1A077870D62B5DEB9 /* Frameworks */,
			);
			sourceTree = "<group>";
		};
		22DD357B2076A738004ED9FC /* Products */ = {
			isa = PBXGroup;
			children = (
				22DD357A2076A738004ED9FC /* Sandpiper.app */,
			);
			name = Products;
			sourceTree = "<group>";
		};
		22DD357C2076A738004ED9FC /* Sandpiper */ = {
			isa = PBXGroup;
			children = (
				22DD357D2076A738004ED9FC /* AppDelegate.swift */,
				22DD357F2076A738004ED9FC /* LoginViewController.swift */,
				C44C784A207EC49400503566 /* MainViewController.swift */,
				C44C7841207E9EE100503566 /* Networking */,
				C44C7842207E9EEF00503566 /* AppleMusicController.swift */,
				C44C784C207ED4D300503566 /* KeychainManager.swift */,
				22DD35842076A739004ED9FC /* Assets.xcassets */,
				22DD35862076A739004ED9FC /* LaunchScreen.storyboard */,
				22DD35812076A738004ED9FC /* Main.storyboard */,
				22DD35892076A739004ED9FC /* Info.plist */,
				2291EE272076B61900C983CC /* Utils */,
				C44C7844207E9F9000503566 /* Constants.swift */,
			);
			path = Sandpiper;
			sourceTree = "<group>";
		};
		41458A8179E6314929E713CA /* Pods */ = {
			isa = PBXGroup;
			children = (
				B3607192B9F8B05298909EB5 /* Pods-Sandpiper.debug.xcconfig */,
				A4DDB83464E04F0199E1AABC /* Pods-Sandpiper.release.xcconfig */,
			);
			name = Pods;
			sourceTree = "<group>";
		};
		B9D760F1A077870D62B5DEB9 /* Frameworks */ = {
			isa = PBXGroup;
			children = (
				F4FC336EC50B737C619DC485 /* Pods_Sandpiper.framework */,
			);
			name = Frameworks;
			sourceTree = "<group>";
		};
		C44C7841207E9EE100503566 /* Networking */ = {
			isa = PBXGroup;
			children = (
				C44C783F207E9ED700503566 /* NetworkController.swift */,
				C44C7848207EA99400503566 /* APIEndpoints.swift */,
			);
			path = Networking;
			sourceTree = "<group>";
		};
/* End PBXGroup section */

/* Begin PBXNativeTarget section */
		22DD35792076A738004ED9FC /* Sandpiper */ = {
			isa = PBXNativeTarget;
			buildConfigurationList = 22DD358C2076A739004ED9FC /* Build configuration list for PBXNativeTarget "Sandpiper" */;
			buildPhases = (
				B17A57A2BE821B3E073BC82B /* [CP] Check Pods Manifest.lock */,
				22DD35762076A738004ED9FC /* Sources */,
				22DD35772076A738004ED9FC /* Frameworks */,
				22DD35782076A738004ED9FC /* Resources */,
				5B16C1C073278E0068828481 /* [CP] Embed Pods Frameworks */,
			);
			buildRules = (
			);
			dependencies = (
			);
			name = Sandpiper;
			productName = Sandpiper;
			productReference = 22DD357A2076A738004ED9FC /* Sandpiper.app */;
			productType = "com.apple.product-type.application";
		};
/* End PBXNativeTarget section */

/* Begin PBXProject section */
		22DD35722076A738004ED9FC /* Project object */ = {
			isa = PBXProject;
			attributes = {
				LastSwiftUpdateCheck = 0930;
				LastUpgradeCheck = 0930;
				ORGANIZATIONNAME = "Sam Galizia";
				TargetAttributes = {
					22DD35792076A738004ED9FC = {
						CreatedOnToolsVersion = 9.3;
					};
				};
			};
			buildConfigurationList = 22DD35752076A738004ED9FC /* Build configuration list for PBXProject "Sandpiper" */;
			compatibilityVersion = "Xcode 9.3";
			developmentRegion = en;
			hasScannedForEncodings = 0;
			knownRegions = (
				en,
				Base,
			);
			mainGroup = 22DD35712076A738004ED9FC;
			productRefGroup = 22DD357B2076A738004ED9FC /* Products */;
			projectDirPath = "";
			projectRoot = "";
			targets = (
				22DD35792076A738004ED9FC /* Sandpiper */,
			);
		};
/* End PBXProject section */

/* Begin PBXResourcesBuildPhase section */
		22DD35782076A738004ED9FC /* Resources */ = {
			isa = PBXResourcesBuildPhase;
			buildActionMask = 2147483647;
			files = (
				22DD35882076A739004ED9FC /* LaunchScreen.storyboard in Resources */,
				22DD35852076A739004ED9FC /* Assets.xcassets in Resources */,
				22DD35832076A738004ED9FC /* Main.storyboard in Resources */,
			);
			runOnlyForDeploymentPostprocessing = 0;
		};
/* End PBXResourcesBuildPhase section */

/* Begin PBXShellScriptBuildPhase section */
		5B16C1C073278E0068828481 /* [CP] Embed Pods Frameworks */ = {
			isa = PBXShellScriptBuildPhase;
			buildActionMask = 2147483647;
			files = (
			);
			inputPaths = (
				"${SRCROOT}/Pods/Target Support Files/Pods-Sandpiper/Pods-Sandpiper-frameworks.sh",
				"${BUILT_PRODUCTS_DIR}/APESuperHUD/APESuperHUD.framework",
				"${BUILT_PRODUCTS_DIR}/Alamofire/Alamofire.framework",
				"${BUILT_PRODUCTS_DIR}/KeychainSwift/KeychainSwift.framework",
				"${BUILT_PRODUCTS_DIR}/Moya/Moya.framework",
				"${BUILT_PRODUCTS_DIR}/Result/Result.framework",
			);
			name = "[CP] Embed Pods Frameworks";
			outputPaths = (
				"${TARGET_BUILD_DIR}/${FRAMEWORKS_FOLDER_PATH}/APESuperHUD.framework",
				"${TARGET_BUILD_DIR}/${FRAMEWORKS_FOLDER_PATH}/Alamofire.framework",
				"${TARGET_BUILD_DIR}/${FRAMEWORKS_FOLDER_PATH}/KeychainSwift.framework",
				"${TARGET_BUILD_DIR}/${FRAMEWORKS_FOLDER_PATH}/Moya.framework",
				"${TARGET_BUILD_DIR}/${FRAMEWORKS_FOLDER_PATH}/Result.framework",
			);
			runOnlyForDeploymentPostprocessing = 0;
			shellPath = /bin/sh;
			shellScript = "\"${SRCROOT}/Pods/Target Support Files/Pods-Sandpiper/Pods-Sandpiper-frameworks.sh\"\n";
			showEnvVarsInLog = 0;
		};
		B17A57A2BE821B3E073BC82B /* [CP] Check Pods Manifest.lock */ = {
			isa = PBXShellScriptBuildPhase;
			buildActionMask = 2147483647;
			files = (
			);
			inputPaths = (
				"${PODS_PODFILE_DIR_PATH}/Podfile.lock",
				"${PODS_ROOT}/Manifest.lock",
			);
			name = "[CP] Check Pods Manifest.lock";
			outputPaths = (
				"$(DERIVED_FILE_DIR)/Pods-Sandpiper-checkManifestLockResult.txt",
			);
			runOnlyForDeploymentPostprocessing = 0;
			shellPath = /bin/sh;
			shellScript = "diff \"${PODS_PODFILE_DIR_PATH}/Podfile.lock\" \"${PODS_ROOT}/Manifest.lock\" > /dev/null\nif [ $? != 0 ] ; then\n    # print error to STDERR\n    echo \"error: The sandbox is not in sync with the Podfile.lock. Run 'pod install' or update your CocoaPods installation.\" >&2\n    exit 1\nfi\n# This output is used by Xcode 'outputs' to avoid re-running this script phase.\necho \"SUCCESS\" > \"${SCRIPT_OUTPUT_FILE_0}\"\n";
			showEnvVarsInLog = 0;
		};
/* End PBXShellScriptBuildPhase section */

/* Begin PBXSourcesBuildPhase section */
		22DD35762076A738004ED9FC /* Sources */ = {
			isa = PBXSourcesBuildPhase;
			buildActionMask = 2147483647;
			files = (
				C44C7840207E9ED700503566 /* NetworkController.swift in Sources */,
				C44C7849207EA99400503566 /* APIEndpoints.swift in Sources */,
				22DD35802076A738004ED9FC /* LoginViewController.swift in Sources */,
				2291EE292076B62F00C983CC /* UIColor+Extensions.swift in Sources */,
				C44C7847207EA05900503566 /* UIViewController+Extensions.swift in Sources */,
				C44C7843207E9EEF00503566 /* AppleMusicController.swift in Sources */,
				C44C784B207EC49400503566 /* MainViewController.swift in Sources */,
				22DD357E2076A738004ED9FC /* AppDelegate.swift in Sources */,
				C44C7845207E9F9000503566 /* Constants.swift in Sources */,
				C44C784D207ED4D300503566 /* KeychainManager.swift in Sources */,
			);
			runOnlyForDeploymentPostprocessing = 0;
		};
/* End PBXSourcesBuildPhase section */

/* Begin PBXVariantGroup section */
		22DD35812076A738004ED9FC /* Main.storyboard */ = {
			isa = PBXVariantGroup;
			children = (
				22DD35822076A738004ED9FC /* Base */,
			);
			name = Main.storyboard;
			sourceTree = "<group>";
		};
		22DD35862076A739004ED9FC /* LaunchScreen.storyboard */ = {
			isa = PBXVariantGroup;
			children = (
				22DD35872076A739004ED9FC /* Base */,
			);
			name = LaunchScreen.storyboard;
			sourceTree = "<group>";
		};
/* End PBXVariantGroup section */

/* Begin XCBuildConfiguration section */
		22DD358A2076A739004ED9FC /* Debug */ = {
			isa = XCBuildConfiguration;
			buildSettings = {
				ALWAYS_SEARCH_USER_PATHS = NO;
				CLANG_ANALYZER_NONNULL = YES;
				CLANG_ANALYZER_NUMBER_OBJECT_CONVERSION = YES_AGGRESSIVE;
				CLANG_CXX_LANGUAGE_STANDARD = "gnu++14";
				CLANG_CXX_LIBRARY = "libc++";
				CLANG_ENABLE_MODULES = YES;
				CLANG_ENABLE_OBJC_ARC = YES;
				CLANG_ENABLE_OBJC_WEAK = YES;
				CLANG_WARN_BLOCK_CAPTURE_AUTORELEASING = YES;
				CLANG_WARN_BOOL_CONVERSION = YES;
				CLANG_WARN_COMMA = YES;
				CLANG_WARN_CONSTANT_CONVERSION = YES;
				CLANG_WARN_DEPRECATED_OBJC_IMPLEMENTATIONS = YES;
				CLANG_WARN_DIRECT_OBJC_ISA_USAGE = YES_ERROR;
				CLANG_WARN_DOCUMENTATION_COMMENTS = YES;
				CLANG_WARN_EMPTY_BODY = YES;
				CLANG_WARN_ENUM_CONVERSION = YES;
				CLANG_WARN_INFINITE_RECURSION = YES;
				CLANG_WARN_INT_CONVERSION = YES;
				CLANG_WARN_NON_LITERAL_NULL_CONVERSION = YES;
				CLANG_WARN_OBJC_IMPLICIT_RETAIN_SELF = YES;
				CLANG_WARN_OBJC_LITERAL_CONVERSION = YES;
				CLANG_WARN_OBJC_ROOT_CLASS = YES_ERROR;
				CLANG_WARN_RANGE_LOOP_ANALYSIS = YES;
				CLANG_WARN_STRICT_PROTOTYPES = YES;
				CLANG_WARN_SUSPICIOUS_MOVE = YES;
				CLANG_WARN_UNGUARDED_AVAILABILITY = YES_AGGRESSIVE;
				CLANG_WARN_UNREACHABLE_CODE = YES;
				CLANG_WARN__DUPLICATE_METHOD_MATCH = YES;
				CODE_SIGN_IDENTITY = "iPhone Developer";
				COPY_PHASE_STRIP = NO;
				DEBUG_INFORMATION_FORMAT = dwarf;
				ENABLE_STRICT_OBJC_MSGSEND = YES;
				ENABLE_TESTABILITY = YES;
				GCC_C_LANGUAGE_STANDARD = gnu11;
				GCC_DYNAMIC_NO_PIC = NO;
				GCC_NO_COMMON_BLOCKS = YES;
				GCC_OPTIMIZATION_LEVEL = 0;
				GCC_PREPROCESSOR_DEFINITIONS = (
					"DEBUG=1",
					"$(inherited)",
				);
				GCC_WARN_64_TO_32_BIT_CONVERSION = YES;
				GCC_WARN_ABOUT_RETURN_TYPE = YES_ERROR;
				GCC_WARN_UNDECLARED_SELECTOR = YES;
				GCC_WARN_UNINITIALIZED_AUTOS = YES_AGGRESSIVE;
				GCC_WARN_UNUSED_FUNCTION = YES;
				GCC_WARN_UNUSED_VARIABLE = YES;
				IPHONEOS_DEPLOYMENT_TARGET = 11.3;
				MTL_ENABLE_DEBUG_INFO = YES;
				ONLY_ACTIVE_ARCH = YES;
				SDKROOT = iphoneos;
				SWIFT_ACTIVE_COMPILATION_CONDITIONS = DEBUG;
				SWIFT_OPTIMIZATION_LEVEL = "-Onone";
			};
			name = Debug;
		};
		22DD358B2076A739004ED9FC /* Release */ = {
			isa = XCBuildConfiguration;
			buildSettings = {
				ALWAYS_SEARCH_USER_PATHS = NO;
				CLANG_ANALYZER_NONNULL = YES;
				CLANG_ANALYZER_NUMBER_OBJECT_CONVERSION = YES_AGGRESSIVE;
				CLANG_CXX_LANGUAGE_STANDARD = "gnu++14";
				CLANG_CXX_LIBRARY = "libc++";
				CLANG_ENABLE_MODULES = YES;
				CLANG_ENABLE_OBJC_ARC = YES;
				CLANG_ENABLE_OBJC_WEAK = YES;
				CLANG_WARN_BLOCK_CAPTURE_AUTORELEASING = YES;
				CLANG_WARN_BOOL_CONVERSION = YES;
				CLANG_WARN_COMMA = YES;
				CLANG_WARN_CONSTANT_CONVERSION = YES;
				CLANG_WARN_DEPRECATED_OBJC_IMPLEMENTATIONS = YES;
				CLANG_WARN_DIRECT_OBJC_ISA_USAGE = YES_ERROR;
				CLANG_WARN_DOCUMENTATION_COMMENTS = YES;
				CLANG_WARN_EMPTY_BODY = YES;
				CLANG_WARN_ENUM_CONVERSION = YES;
				CLANG_WARN_INFINITE_RECURSION = YES;
				CLANG_WARN_INT_CONVERSION = YES;
				CLANG_WARN_NON_LITERAL_NULL_CONVERSION = YES;
				CLANG_WARN_OBJC_IMPLICIT_RETAIN_SELF = YES;
				CLANG_WARN_OBJC_LITERAL_CONVERSION = YES;
				CLANG_WARN_OBJC_ROOT_CLASS = YES_ERROR;
				CLANG_WARN_RANGE_LOOP_ANALYSIS = YES;
				CLANG_WARN_STRICT_PROTOTYPES = YES;
				CLANG_WARN_SUSPICIOUS_MOVE = YES;
				CLANG_WARN_UNGUARDED_AVAILABILITY = YES_AGGRESSIVE;
				CLANG_WARN_UNREACHABLE_CODE = YES;
				CLANG_WARN__DUPLICATE_METHOD_MATCH = YES;
				CODE_SIGN_IDENTITY = "iPhone Developer";
				COPY_PHASE_STRIP = NO;
				DEBUG_INFORMATION_FORMAT = "dwarf-with-dsym";
				ENABLE_NS_ASSERTIONS = NO;
				ENABLE_STRICT_OBJC_MSGSEND = YES;
				GCC_C_LANGUAGE_STANDARD = gnu11;
				GCC_NO_COMMON_BLOCKS = YES;
				GCC_WARN_64_TO_32_BIT_CONVERSION = YES;
				GCC_WARN_ABOUT_RETURN_TYPE = YES_ERROR;
				GCC_WARN_UNDECLARED_SELECTOR = YES;
				GCC_WARN_UNINITIALIZED_AUTOS = YES_AGGRESSIVE;
				GCC_WARN_UNUSED_FUNCTION = YES;
				GCC_WARN_UNUSED_VARIABLE = YES;
				IPHONEOS_DEPLOYMENT_TARGET = 11.3;
				MTL_ENABLE_DEBUG_INFO = NO;
				SDKROOT = iphoneos;
				SWIFT_COMPILATION_MODE = wholemodule;
				SWIFT_OPTIMIZATION_LEVEL = "-O";
				VALIDATE_PRODUCT = YES;
			};
			name = Release;
		};
		22DD358D2076A739004ED9FC /* Debug */ = {
			isa = XCBuildConfiguration;
			baseConfigurationReference = B3607192B9F8B05298909EB5 /* Pods-Sandpiper.debug.xcconfig */;
			buildSettings = {
				ASSETCATALOG_COMPILER_APPICON_NAME = AppIcon;
				CODE_SIGN_STYLE = Automatic;
				DEVELOPMENT_TEAM = 3FX26JCU7E;
				INFOPLIST_FILE = Sandpiper/Info.plist;
				IPHONEOS_DEPLOYMENT_TARGET = 11.1;
				LD_RUNPATH_SEARCH_PATHS = (
					"$(inherited)",
					"@executable_path/Frameworks",
				);
				PRODUCT_BUNDLE_IDENTIFIER = com.bob.Sandpiper;
				PRODUCT_NAME = "$(TARGET_NAME)";
				SWIFT_VERSION = 4.0;
				TARGETED_DEVICE_FAMILY = 1;
			};
			name = Debug;
		};
		22DD358E2076A739004ED9FC /* Release */ = {
			isa = XCBuildConfiguration;
			baseConfigurationReference = A4DDB83464E04F0199E1AABC /* Pods-Sandpiper.release.xcconfig */;
			buildSettings = {
				ASSETCATALOG_COMPILER_APPICON_NAME = AppIcon;
				CODE_SIGN_STYLE = Automatic;
				DEVELOPMENT_TEAM = 3FX26JCU7E;
				INFOPLIST_FILE = Sandpiper/Info.plist;
				IPHONEOS_DEPLOYMENT_TARGET = 11.1;
				LD_RUNPATH_SEARCH_PATHS = (
					"$(inherited)",
					"@executable_path/Frameworks",
				);
				PRODUCT_BUNDLE_IDENTIFIER = com.bob.Sandpiper;
				PRODUCT_NAME = "$(TARGET_NAME)";
				SWIFT_VERSION = 4.0;
				TARGETED_DEVICE_FAMILY = 1;
			};
			name = Release;
		};
/* End XCBuildConfiguration section */

/* Begin XCConfigurationList section */
		22DD35752076A738004ED9FC /* Build configuration list for PBXProject "Sandpiper" */ = {
			isa = XCConfigurationList;
			buildConfigurations = (
				22DD358A2076A739004ED9FC /* Debug */,
				22DD358B2076A739004ED9FC /* Release */,
			);
			defaultConfigurationIsVisible = 0;
			defaultConfigurationName = Release;
		};
		22DD358C2076A739004ED9FC /* Build configuration list for PBXNativeTarget "Sandpiper" */ = {
			isa = XCConfigurationList;
			buildConfigurations = (
				22DD358D2076A739004ED9FC /* Debug */,
				22DD358E2076A739004ED9FC /* Release */,
			);
			defaultConfigurationIsVisible = 0;
			defaultConfigurationName = Release;
		};
/* End XCConfigurationList section */
	};
	rootObject = 22DD35722076A738004ED9FC /* Project object */;
}
